
Microsoft Visual Studio Solution File, Format Version 12.00
# Visual Studio Version 17
VisualStudioVersion = 17.8.34330.188
MinimumVisualStudioVersion = 10.0.40219.1
Project("{9A19103F-16F7-4668-BE54-9A1E7A4F7556}") = "Content.Shared", "Content.Shared.csproj", "{3C54214F-A684-4796-BA5C-12E8EE628B0E}"
EndProject
Global
	GlobalSection(SolutionConfigurationPlatforms) = preSolution
		Debug|Any CPU = Debug|Any CPU
		DebugOpt|Any CPU = DebugOpt|Any CPU
		Release|Any CPU = Release|Any CPU
		Tools|Any CPU = Tools|Any CPU
	EndGlobalSection
	GlobalSection(ProjectConfigurationPlatforms) = postSolution
		{3C54214F-A684-4796-BA5C-12E8EE628B0E}.Debug|Any CPU.ActiveCfg = Debug|Any CPU
		{3C54214F-A684-4796-BA5C-12E8EE628B0E}.Debug|Any CPU.Build.0 = Debug|Any CPU
		{3C54214F-A684-4796-BA5C-12E8EE628B0E}.DebugOpt|Any CPU.ActiveCfg = DebugOpt|Any CPU
		{3C54214F-A684-4796-BA5C-12E8EE628B0E}.DebugOpt|Any CPU.Build.0 = DebugOpt|Any CPU
		{3C54214F-A684-4796-BA5C-12E8EE628B0E}.Release|Any CPU.ActiveCfg = Release|Any CPU
		{3C54214F-A684-4796-BA5C-12E8EE628B0E}.Release|Any CPU.Build.0 = Release|Any CPU
		{3C54214F-A684-4796-BA5C-12E8EE628B0E}.Tools|Any CPU.ActiveCfg = Tools|Any CPU
		{3C54214F-A684-4796-BA5C-12E8EE628B0E}.Tools|Any CPU.Build.0 = Tools|Any CPU
	EndGlobalSection
	GlobalSection(SolutionProperties) = preSolution
		HideSolutionNode = FALSE
	EndGlobalSection
	GlobalSection(ExtensibilityGlobals) = postSolution
		SolutionGuid = {4D87556B-9877-4655-B124-0DEA5CA6D248}
	EndGlobalSection
EndGlobal
